
Microsoft Visual Studio Solution File, Format Version 12.00
# Visual Studio Version 16
VisualStudioVersion = 16.0.30621.155
MinimumVisualStudioVersion = 10.0.40219.1
Project("{FAE04EC0-301F-11D3-BF4B-00C04F79EFBC}") = "ierg3080project_1155125212", "ierg3080project_1155125212\ierg3080project_1155125212.csproj", "{C10620FF-DCDD-44ED-B4FF-80141F64E260}"
EndProject
Global
	GlobalSection(SolutionConfigurationPlatforms) = preSolution
		Debug|Any CPU = Debug|Any CPU
		Release|Any CPU = Release|Any CPU
	EndGlobalSection
	GlobalSection(ProjectConfigurationPlatforms) = postSolution
		{C10620FF-DCDD-44ED-B4FF-80141F64E260}.Debug|Any CPU.ActiveCfg = Debug|Any CPU
		{C10620FF-DCDD-44ED-B4FF-80141F64E260}.Debug|Any CPU.Build.0 = Debug|Any CPU
		{C10620FF-DCDD-44ED-B4FF-80141F64E260}.Release|Any CPU.ActiveCfg = Release|Any CPU
		{C10620FF-DCDD-44ED-B4FF-80141F64E260}.Release|Any CPU.Build.0 = Release|Any CPU
	EndGlobalSection
	GlobalSection(SolutionProperties) = preSolution
		HideSolutionNode = FALSE
	EndGlobalSection
	GlobalSection(ExtensibilityGlobals) = postSolution
		SolutionGuid = {459FDC0B-FBC7-4901-BA36-6FFCEC3E8FCB}
	EndGlobalSection
EndGlobal
